// !$*UTF8*$!
{
	archiveVersion = 1;
	classes = {
	};
	objectVersion = 55;
	objects = {

/* Begin PBXBuildFile section */
		81271E5527BA2B5400BA0D17 /* CoverImageModel.swift in Sources */ = {isa = PBXBuildFile; fileRef = 81271E5427BA2B5400BA0D17 /* CoverImageModel.swift */; };
		81271E5827BA2C7D00BA0D17 /* CodableBundleExtension.swift in Sources */ = {isa = PBXBuildFile; fileRef = 81271E5727BA2C7D00BA0D17 /* CodableBundleExtension.swift */; };
		81AFD01927BA273800405C3A /* CoverImageView.swift in Sources */ = {isa = PBXBuildFile; fileRef = 81AFD01827BA273700405C3A /* CoverImageView.swift */; };
		81C9C22B27B9F9CB00F71752 /* EndangeredAnimalsKRApp.swift in Sources */ = {isa = PBXBuildFile; fileRef = 81C9C22A27B9F9CB00F71752 /* EndangeredAnimalsKRApp.swift */; };
		81C9C22D27B9F9CB00F71752 /* ContentView.swift in Sources */ = {isa = PBXBuildFile; fileRef = 81C9C22C27B9F9CB00F71752 /* ContentView.swift */; };
		81C9C22F27B9F9CD00F71752 /* Assets.xcassets in Resources */ = {isa = PBXBuildFile; fileRef = 81C9C22E27B9F9CD00F71752 /* Assets.xcassets */; };
		81C9C23227B9F9CD00F71752 /* Preview Assets.xcassets in Resources */ = {isa = PBXBuildFile; fileRef = 81C9C23127B9F9CD00F71752 /* Preview Assets.xcassets */; };
		81C9C23C27B9F9CD00F71752 /* EndangeredAnimalsKRTests.swift in Sources */ = {isa = PBXBuildFile; fileRef = 81C9C23B27B9F9CD00F71752 /* EndangeredAnimalsKRTests.swift */; };
		81C9C24627B9F9CD00F71752 /* EndangeredAnimalsKRUITests.swift in Sources */ = {isa = PBXBuildFile; fileRef = 81C9C24527B9F9CD00F71752 /* EndangeredAnimalsKRUITests.swift */; };
		81C9C24827B9F9CD00F71752 /* EndangeredAnimalsKRUITestsLaunchTests.swift in Sources */ = {isa = PBXBuildFile; fileRef = 81C9C24727B9F9CD00F71752 /* EndangeredAnimalsKRUITestsLaunchTests.swift */; };
		81C9C25F27BA016100F71752 /* elephant.mp4 in Resources */ = {isa = PBXBuildFile; fileRef = 81C9C25527BA015E00F71752 /* elephant.mp4 */; };
		81C9C26027BA016100F71752 /* lion.mp4 in Resources */ = {isa = PBXBuildFile; fileRef = 81C9C25627BA015F00F71752 /* lion.mp4 */; };
		81C9C26127BA016100F71752 /* gorilla.mp4 in Resources */ = {isa = PBXBuildFile; fileRef = 81C9C25727BA015F00F71752 /* gorilla.mp4 */; };
		81C9C26227BA016100F71752 /* cheetah.mp4 in Resources */ = {isa = PBXBuildFile; fileRef = 81C9C25827BA015F00F71752 /* cheetah.mp4 */; };
		81C9C26327BA016100F71752 /* giraffe.mp4 in Resources */ = {isa = PBXBuildFile; fileRef = 81C9C25927BA016000F71752 /* giraffe.mp4 */; };
		81C9C26427BA016100F71752 /* hippo.mp4 in Resources */ = {isa = PBXBuildFile; fileRef = 81C9C25A27BA016000F71752 /* hippo.mp4 */; };
		81C9C26527BA016100F71752 /* ostrich.mp4 in Resources */ = {isa = PBXBuildFile; fileRef = 81C9C25B27BA016000F71752 /* ostrich.mp4 */; };
		81C9C26627BA016100F71752 /* rhino.mp4 in Resources */ = {isa = PBXBuildFile; fileRef = 81C9C25C27BA016000F71752 /* rhino.mp4 */; };
		81C9C26727BA016100F71752 /* zebra.mp4 in Resources */ = {isa = PBXBuildFile; fileRef = 81C9C25D27BA016100F71752 /* zebra.mp4 */; };
		81C9C26827BA016100F71752 /* lioness.mp4 in Resources */ = {isa = PBXBuildFile; fileRef = 81C9C25E27BA016100F71752 /* lioness.mp4 */; };
		81C9C26F27BA01B500F71752 /* covers.json in Resources */ = {isa = PBXBuildFile; fileRef = 81C9C26B27BA01B500F71752 /* covers.json */; };
		81C9C27027BA01B500F71752 /* videos.json in Resources */ = {isa = PBXBuildFile; fileRef = 81C9C26C27BA01B500F71752 /* videos.json */; };
		81C9C27127BA01B500F71752 /* locations.json in Resources */ = {isa = PBXBuildFile; fileRef = 81C9C26D27BA01B500F71752 /* locations.json */; };
		81C9C27527BA049200F71752 /* VideoListView.swift in Sources */ = {isa = PBXBuildFile; fileRef = 81C9C27427BA049200F71752 /* VideoListView.swift */; };
		81C9C27727BA04BA00F71752 /* MapView.swift in Sources */ = {isa = PBXBuildFile; fileRef = 81C9C27627BA04BA00F71752 /* MapView.swift */; };
		81C9C27927BA04D900F71752 /* GalleryView.swift in Sources */ = {isa = PBXBuildFile; fileRef = 81C9C27827BA04D900F71752 /* GalleryView.swift */; };
		81C9C27B27BA04F400F71752 /* MainView.swift in Sources */ = {isa = PBXBuildFile; fileRef = 81C9C27A27BA04F400F71752 /* MainView.swift */; };
		81DC368E27BB7D010012EE6D /* AnimalListItemView.swift in Sources */ = {isa = PBXBuildFile; fileRef = 81DC368D27BB7D010012EE6D /* AnimalListItemView.swift */; };
		81DC3E6727BB82AA003648DA /* animals.json in Resources */ = {isa = PBXBuildFile; fileRef = 81DC3E6627BB82AA003648DA /* animals.json */; };
		81DC3E6927BB82D7003648DA /* AnimalModel.swift in Sources */ = {isa = PBXBuildFile; fileRef = 81DC3E6827BB82D7003648DA /* AnimalModel.swift */; };
		81DC3E6F27BB8A6A003648DA /* AnimalViewModel.swift in Sources */ = {isa = PBXBuildFile; fileRef = 81DC3E6E27BB8A6A003648DA /* AnimalViewModel.swift */; };
		81DC3E7127BB8CF9003648DA /* CoverImageViewModel.swift in Sources */ = {isa = PBXBuildFile; fileRef = 81DC3E7027BB8CF9003648DA /* CoverImageViewModel.swift */; };
/* End PBXBuildFile section */

/* Begin PBXContainerItemProxy section */
		81C9C23827B9F9CD00F71752 /* PBXContainerItemProxy */ = {
			isa = PBXContainerItemProxy;
			containerPortal = 81C9C21F27B9F9CB00F71752 /* Project object */;
			proxyType = 1;
			remoteGlobalIDString = 81C9C22627B9F9CB00F71752;
			remoteInfo = EndangeredAnimalsKR;
		};
		81C9C24227B9F9CD00F71752 /* PBXContainerItemProxy */ = {
			isa = PBXContainerItemProxy;
			containerPortal = 81C9C21F27B9F9CB00F71752 /* Project object */;
			proxyType = 1;
			remoteGlobalIDString = 81C9C22627B9F9CB00F71752;
			remoteInfo = EndangeredAnimalsKR;
		};
/* End PBXContainerItemProxy section */

/* Begin PBXFileReference section */
		81271E5427BA2B5400BA0D17 /* CoverImageModel.swift */ = {isa = PBXFileReference; lastKnownFileType = sourcecode.swift; path = CoverImageModel.swift; sourceTree = "<group>"; };
		81271E5727BA2C7D00BA0D17 /* CodableBundleExtension.swift */ = {isa = PBXFileReference; lastKnownFileType = sourcecode.swift; path = CodableBundleExtension.swift; sourceTree = "<group>"; };
		81AFD01827BA273700405C3A /* CoverImageView.swift */ = {isa = PBXFileReference; lastKnownFileType = sourcecode.swift; path = CoverImageView.swift; sourceTree = "<group>"; };
		81C9C22727B9F9CB00F71752 /* EndangeredAnimalsKR.app */ = {isa = PBXFileReference; explicitFileType = wrapper.application; includeInIndex = 0; path = EndangeredAnimalsKR.app; sourceTree = BUILT_PRODUCTS_DIR; };
		81C9C22A27B9F9CB00F71752 /* EndangeredAnimalsKRApp.swift */ = {isa = PBXFileReference; lastKnownFileType = sourcecode.swift; path = EndangeredAnimalsKRApp.swift; sourceTree = "<group>"; };
		81C9C22C27B9F9CB00F71752 /* ContentView.swift */ = {isa = PBXFileReference; lastKnownFileType = sourcecode.swift; path = ContentView.swift; sourceTree = "<group>"; };
		81C9C22E27B9F9CD00F71752 /* Assets.xcassets */ = {isa = PBXFileReference; lastKnownFileType = folder.assetcatalog; path = Assets.xcassets; sourceTree = "<group>"; };
		81C9C23127B9F9CD00F71752 /* Preview Assets.xcassets */ = {isa = PBXFileReference; lastKnownFileType = folder.assetcatalog; path = "Preview Assets.xcassets"; sourceTree = "<group>"; };
		81C9C23727B9F9CD00F71752 /* EndangeredAnimalsKRTests.xctest */ = {isa = PBXFileReference; explicitFileType = wrapper.cfbundle; includeInIndex = 0; path = EndangeredAnimalsKRTests.xctest; sourceTree = BUILT_PRODUCTS_DIR; };
		81C9C23B27B9F9CD00F71752 /* EndangeredAnimalsKRTests.swift */ = {isa = PBXFileReference; lastKnownFileType = sourcecode.swift; path = EndangeredAnimalsKRTests.swift; sourceTree = "<group>"; };
		81C9C24127B9F9CD00F71752 /* EndangeredAnimalsKRUITests.xctest */ = {isa = PBXFileReference; explicitFileType = wrapper.cfbundle; includeInIndex = 0; path = EndangeredAnimalsKRUITests.xctest; sourceTree = BUILT_PRODUCTS_DIR; };
		81C9C24527B9F9CD00F71752 /* EndangeredAnimalsKRUITests.swift */ = {isa = PBXFileReference; lastKnownFileType = sourcecode.swift; path = EndangeredAnimalsKRUITests.swift; sourceTree = "<group>"; };
		81C9C24727B9F9CD00F71752 /* EndangeredAnimalsKRUITestsLaunchTests.swift */ = {isa = PBXFileReference; lastKnownFileType = sourcecode.swift; path = EndangeredAnimalsKRUITestsLaunchTests.swift; sourceTree = "<group>"; };
		81C9C25527BA015E00F71752 /* elephant.mp4 */ = {isa = PBXFileReference; lastKnownFileType = file; path = elephant.mp4; sourceTree = "<group>"; };
		81C9C25627BA015F00F71752 /* lion.mp4 */ = {isa = PBXFileReference; lastKnownFileType = file; path = lion.mp4; sourceTree = "<group>"; };
		81C9C25727BA015F00F71752 /* gorilla.mp4 */ = {isa = PBXFileReference; lastKnownFileType = file; path = gorilla.mp4; sourceTree = "<group>"; };
		81C9C25827BA015F00F71752 /* cheetah.mp4 */ = {isa = PBXFileReference; lastKnownFileType = file; path = cheetah.mp4; sourceTree = "<group>"; };
		81C9C25927BA016000F71752 /* giraffe.mp4 */ = {isa = PBXFileReference; lastKnownFileType = file; path = giraffe.mp4; sourceTree = "<group>"; };
		81C9C25A27BA016000F71752 /* hippo.mp4 */ = {isa = PBXFileReference; lastKnownFileType = file; path = hippo.mp4; sourceTree = "<group>"; };
		81C9C25B27BA016000F71752 /* ostrich.mp4 */ = {isa = PBXFileReference; lastKnownFileType = file; path = ostrich.mp4; sourceTree = "<group>"; };
		81C9C25C27BA016000F71752 /* rhino.mp4 */ = {isa = PBXFileReference; lastKnownFileType = file; path = rhino.mp4; sourceTree = "<group>"; };
		81C9C25D27BA016100F71752 /* zebra.mp4 */ = {isa = PBXFileReference; lastKnownFileType = file; path = zebra.mp4; sourceTree = "<group>"; };
		81C9C25E27BA016100F71752 /* lioness.mp4 */ = {isa = PBXFileReference; lastKnownFileType = file; path = lioness.mp4; sourceTree = "<group>"; };
		81C9C26B27BA01B500F71752 /* covers.json */ = {isa = PBXFileReference; fileEncoding = 4; lastKnownFileType = text.json; path = covers.json; sourceTree = "<group>"; };
		81C9C26C27BA01B500F71752 /* videos.json */ = {isa = PBXFileReference; fileEncoding = 4; lastKnownFileType = text.json; path = videos.json; sourceTree = "<group>"; };
		81C9C26D27BA01B500F71752 /* locations.json */ = {isa = PBXFileReference; fileEncoding = 4; lastKnownFileType = text.json; path = locations.json; sourceTree = "<group>"; };
		81C9C27227BA028D00F71752 /* Info.plist */ = {isa = PBXFileReference; lastKnownFileType = text.plist; path = Info.plist; sourceTree = "<group>"; };
		81C9C27427BA049200F71752 /* VideoListView.swift */ = {isa = PBXFileReference; lastKnownFileType = sourcecode.swift; path = VideoListView.swift; sourceTree = "<group>"; };
		81C9C27627BA04BA00F71752 /* MapView.swift */ = {isa = PBXFileReference; lastKnownFileType = sourcecode.swift; path = MapView.swift; sourceTree = "<group>"; };
		81C9C27827BA04D900F71752 /* GalleryView.swift */ = {isa = PBXFileReference; lastKnownFileType = sourcecode.swift; path = GalleryView.swift; sourceTree = "<group>"; };
		81C9C27A27BA04F400F71752 /* MainView.swift */ = {isa = PBXFileReference; lastKnownFileType = sourcecode.swift; path = MainView.swift; sourceTree = "<group>"; };
		81DC368D27BB7D010012EE6D /* AnimalListItemView.swift */ = {isa = PBXFileReference; lastKnownFileType = sourcecode.swift; path = AnimalListItemView.swift; sourceTree = "<group>"; };
		81DC3E6627BB82AA003648DA /* animals.json */ = {isa = PBXFileReference; fileEncoding = 4; lastKnownFileType = text.json; path = animals.json; sourceTree = "<group>"; };
		81DC3E6827BB82D7003648DA /* AnimalModel.swift */ = {isa = PBXFileReference; lastKnownFileType = sourcecode.swift; path = AnimalModel.swift; sourceTree = "<group>"; };
		81DC3E6E27BB8A6A003648DA /* AnimalViewModel.swift */ = {isa = PBXFileReference; lastKnownFileType = sourcecode.swift; path = AnimalViewModel.swift; sourceTree = "<group>"; };
		81DC3E7027BB8CF9003648DA /* CoverImageViewModel.swift */ = {isa = PBXFileReference; lastKnownFileType = sourcecode.swift; path = CoverImageViewModel.swift; sourceTree = "<group>"; };
/* End PBXFileReference section */

/* Begin PBXFrameworksBuildPhase section */
		81C9C22427B9F9CB00F71752 /* Frameworks */ = {
			isa = PBXFrameworksBuildPhase;
			buildActionMask = 2147483647;
			files = (
			);
			runOnlyForDeploymentPostprocessing = 0;
		};
		81C9C23427B9F9CD00F71752 /* Frameworks */ = {
			isa = PBXFrameworksBuildPhase;
			buildActionMask = 2147483647;
			files = (
			);
			runOnlyForDeploymentPostprocessing = 0;
		};
		81C9C23E27B9F9CD00F71752 /* Frameworks */ = {
			isa = PBXFrameworksBuildPhase;
			buildActionMask = 2147483647;
			files = (
			);
			runOnlyForDeploymentPostprocessing = 0;
		};
/* End PBXFrameworksBuildPhase section */

/* Begin PBXGroup section */
		81271E5327BA2B3B00BA0D17 /* Model */ = {
			isa = PBXGroup;
			children = (
				81271E5427BA2B5400BA0D17 /* CoverImageModel.swift */,
				81DC3E6827BB82D7003648DA /* AnimalModel.swift */,
			);
			path = Model;
			sourceTree = "<group>";
		};
		81271E5627BA2C5B00BA0D17 /* Extension */ = {
			isa = PBXGroup;
			children = (
				81271E5727BA2C7D00BA0D17 /* CodableBundleExtension.swift */,
			);
			path = Extension;
			sourceTree = "<group>";
		};
		81AFD01727BA272700405C3A /* View */ = {
			isa = PBXGroup;
			children = (
				81AFD01827BA273700405C3A /* CoverImageView.swift */,
				81DC368D27BB7D010012EE6D /* AnimalListItemView.swift */,
			);
			path = View;
			sourceTree = "<group>";
		};
		81C9C21E27B9F9CB00F71752 = {
			isa = PBXGroup;
			children = (
				81C9C22927B9F9CB00F71752 /* EndangeredAnimalsKR */,
				81C9C23A27B9F9CD00F71752 /* EndangeredAnimalsKRTests */,
				81C9C24427B9F9CD00F71752 /* EndangeredAnimalsKRUITests */,
				81C9C22827B9F9CB00F71752 /* Products */,
			);
			sourceTree = "<group>";
		};
		81C9C22827B9F9CB00F71752 /* Products */ = {
			isa = PBXGroup;
			children = (
				81C9C22727B9F9CB00F71752 /* EndangeredAnimalsKR.app */,
				81C9C23727B9F9CD00F71752 /* EndangeredAnimalsKRTests.xctest */,
				81C9C24127B9F9CD00F71752 /* EndangeredAnimalsKRUITests.xctest */,
			);
			name = Products;
			sourceTree = "<group>";
		};
		81C9C22927B9F9CB00F71752 /* EndangeredAnimalsKR */ = {
			isa = PBXGroup;
			children = (
				81C9C27327BA042F00F71752 /* App */,
				81271E5327BA2B3B00BA0D17 /* Model */,
				81DC3E6D27BB8A4F003648DA /* ViewModel */,
				81AFD01727BA272700405C3A /* View */,
				81271E5627BA2C5B00BA0D17 /* Extension */,
				81C9C27227BA028D00F71752 /* Info.plist */,
				81C9C26927BA019100F71752 /* Data */,
				81C9C25427BA012B00F71752 /* Video */,
				81C9C22E27B9F9CD00F71752 /* Assets.xcassets */,
				81C9C23027B9F9CD00F71752 /* Preview Content */,
			);
			path = EndangeredAnimalsKR;
			sourceTree = "<group>";
		};
		81C9C23027B9F9CD00F71752 /* Preview Content */ = {
			isa = PBXGroup;
			children = (
				81C9C23127B9F9CD00F71752 /* Preview Assets.xcassets */,
			);
			path = "Preview Content";
			sourceTree = "<group>";
		};
		81C9C23A27B9F9CD00F71752 /* EndangeredAnimalsKRTests */ = {
			isa = PBXGroup;
			children = (
				81C9C23B27B9F9CD00F71752 /* EndangeredAnimalsKRTests.swift */,
			);
			path = EndangeredAnimalsKRTests;
			sourceTree = "<group>";
		};
		81C9C24427B9F9CD00F71752 /* EndangeredAnimalsKRUITests */ = {
			isa = PBXGroup;
			children = (
				81C9C24527B9F9CD00F71752 /* EndangeredAnimalsKRUITests.swift */,
				81C9C24727B9F9CD00F71752 /* EndangeredAnimalsKRUITestsLaunchTests.swift */,
			);
			path = EndangeredAnimalsKRUITests;
			sourceTree = "<group>";
		};
		81C9C25427BA012B00F71752 /* Video */ = {
			isa = PBXGroup;
			children = (
				81C9C25827BA015F00F71752 /* cheetah.mp4 */,
				81C9C25527BA015E00F71752 /* elephant.mp4 */,
				81C9C25927BA016000F71752 /* giraffe.mp4 */,
				81C9C25727BA015F00F71752 /* gorilla.mp4 */,
				81C9C25A27BA016000F71752 /* hippo.mp4 */,
				81C9C25627BA015F00F71752 /* lion.mp4 */,
				81C9C25E27BA016100F71752 /* lioness.mp4 */,
				81C9C25B27BA016000F71752 /* ostrich.mp4 */,
				81C9C25C27BA016000F71752 /* rhino.mp4 */,
				81C9C25D27BA016100F71752 /* zebra.mp4 */,
			);
			path = Video;
			sourceTree = "<group>";
		};
		81C9C26927BA019100F71752 /* Data */ = {
			isa = PBXGroup;
			children = (
				81DC3E6627BB82AA003648DA /* animals.json */,
				81C9C26B27BA01B500F71752 /* covers.json */,
				81C9C26D27BA01B500F71752 /* locations.json */,
				81C9C26C27BA01B500F71752 /* videos.json */,
			);
			path = Data;
			sourceTree = "<group>";
		};
		81C9C27327BA042F00F71752 /* App */ = {
			isa = PBXGroup;
			children = (
				81C9C22A27B9F9CB00F71752 /* EndangeredAnimalsKRApp.swift */,
				81C9C22C27B9F9CB00F71752 /* ContentView.swift */,
				81C9C27427BA049200F71752 /* VideoListView.swift */,
				81C9C27627BA04BA00F71752 /* MapView.swift */,
				81C9C27827BA04D900F71752 /* GalleryView.swift */,
				81C9C27A27BA04F400F71752 /* MainView.swift */,
			);
			path = App;
			sourceTree = "<group>";
		};
		81DC3E6D27BB8A4F003648DA /* ViewModel */ = {
			isa = PBXGroup;
			children = (
				81DC3E6E27BB8A6A003648DA /* AnimalViewModel.swift */,
				81DC3E7027BB8CF9003648DA /* CoverImageViewModel.swift */,
			);
			path = ViewModel;
			sourceTree = "<group>";
		};
/* End PBXGroup section */

/* Begin PBXNativeTarget section */
		81C9C22627B9F9CB00F71752 /* EndangeredAnimalsKR */ = {
			isa = PBXNativeTarget;
			buildConfigurationList = 81C9C24B27B9F9CD00F71752 /* Build configuration list for PBXNativeTarget "EndangeredAnimalsKR" */;
			buildPhases = (
				81C9C22327B9F9CB00F71752 /* Sources */,
				81C9C22427B9F9CB00F71752 /* Frameworks */,
				81C9C22527B9F9CB00F71752 /* Resources */,
			);
			buildRules = (
			);
			dependencies = (
			);
			name = EndangeredAnimalsKR;
			productName = EndangeredAnimalsKR;
			productReference = 81C9C22727B9F9CB00F71752 /* EndangeredAnimalsKR.app */;
			productType = "com.apple.product-type.application";
		};
		81C9C23627B9F9CD00F71752 /* EndangeredAnimalsKRTests */ = {
			isa = PBXNativeTarget;
			buildConfigurationList = 81C9C24E27B9F9CD00F71752 /* Build configuration list for PBXNativeTarget "EndangeredAnimalsKRTests" */;
			buildPhases = (
				81C9C23327B9F9CD00F71752 /* Sources */,
				81C9C23427B9F9CD00F71752 /* Frameworks */,
				81C9C23527B9F9CD00F71752 /* Resources */,
			);
			buildRules = (
			);
			dependencies = (
				81C9C23927B9F9CD00F71752 /* PBXTargetDependency */,
			);
			name = EndangeredAnimalsKRTests;
			productName = EndangeredAnimalsKRTests;
			productReference = 81C9C23727B9F9CD00F71752 /* EndangeredAnimalsKRTests.xctest */;
			productType = "com.apple.product-type.bundle.unit-test";
		};
		81C9C24027B9F9CD00F71752 /* EndangeredAnimalsKRUITests */ = {
			isa = PBXNativeTarget;
			buildConfigurationList = 81C9C25127B9F9CD00F71752 /* Build configuration list for PBXNativeTarget "EndangeredAnimalsKRUITests" */;
			buildPhases = (
				81C9C23D27B9F9CD00F71752 /* Sources */,
				81C9C23E27B9F9CD00F71752 /* Frameworks */,
				81C9C23F27B9F9CD00F71752 /* Resources */,
			);
			buildRules = (
			);
			dependencies = (
				81C9C24327B9F9CD00F71752 /* PBXTargetDependency */,
			);
			name = EndangeredAnimalsKRUITests;
			productName = EndangeredAnimalsKRUITests;
			productReference = 81C9C24127B9F9CD00F71752 /* EndangeredAnimalsKRUITests.xctest */;
			productType = "com.apple.product-type.bundle.ui-testing";
		};
/* End PBXNativeTarget section */

/* Begin PBXProject section */
		81C9C21F27B9F9CB00F71752 /* Project object */ = {
			isa = PBXProject;
			attributes = {
				BuildIndependentTargetsInParallel = 1;
				LastSwiftUpdateCheck = 1320;
				LastUpgradeCheck = 1320;
				TargetAttributes = {
					81C9C22627B9F9CB00F71752 = {
						CreatedOnToolsVersion = 13.2.1;
					};
					81C9C23627B9F9CD00F71752 = {
						CreatedOnToolsVersion = 13.2.1;
						TestTargetID = 81C9C22627B9F9CB00F71752;
					};
					81C9C24027B9F9CD00F71752 = {
						CreatedOnToolsVersion = 13.2.1;
						TestTargetID = 81C9C22627B9F9CB00F71752;
					};
				};
			};
			buildConfigurationList = 81C9C22227B9F9CB00F71752 /* Build configuration list for PBXProject "EndangeredAnimalsKR" */;
			compatibilityVersion = "Xcode 13.0";
			developmentRegion = en;
			hasScannedForEncodings = 0;
			knownRegions = (
				en,
				Base,
			);
			mainGroup = 81C9C21E27B9F9CB00F71752;
			productRefGroup = 81C9C22827B9F9CB00F71752 /* Products */;
			projectDirPath = "";
			projectRoot = "";
			targets = (
				81C9C22627B9F9CB00F71752 /* EndangeredAnimalsKR */,
				81C9C23627B9F9CD00F71752 /* EndangeredAnimalsKRTests */,
				81C9C24027B9F9CD00F71752 /* EndangeredAnimalsKRUITests */,
			);
		};
/* End PBXProject section */

/* Begin PBXResourcesBuildPhase section */
		81C9C22527B9F9CB00F71752 /* Resources */ = {
			isa = PBXResourcesBuildPhase;
			buildActionMask = 2147483647;
			files = (
				81C9C26427BA016100F71752 /* hippo.mp4 in Resources */,
				81C9C23227B9F9CD00F71752 /* Preview Assets.xcassets in Resources */,
				81C9C27127BA01B500F71752 /* locations.json in Resources */,
				81C9C27027BA01B500F71752 /* videos.json in Resources */,
				81C9C26027BA016100F71752 /* lion.mp4 in Resources */,
				81C9C26527BA016100F71752 /* ostrich.mp4 in Resources */,
				81C9C26227BA016100F71752 /* cheetah.mp4 in Resources */,
				81C9C26127BA016100F71752 /* gorilla.mp4 in Resources */,
				81C9C26727BA016100F71752 /* zebra.mp4 in Resources */,
				81C9C26F27BA01B500F71752 /* covers.json in Resources */,
				81C9C22F27B9F9CD00F71752 /* Assets.xcassets in Resources */,
				81C9C26327BA016100F71752 /* giraffe.mp4 in Resources */,
				81DC3E6727BB82AA003648DA /* animals.json in Resources */,
				81C9C26627BA016100F71752 /* rhino.mp4 in Resources */,
				81C9C25F27BA016100F71752 /* elephant.mp4 in Resources */,
				81C9C26827BA016100F71752 /* lioness.mp4 in Resources */,
			);
			runOnlyForDeploymentPostprocessing = 0;
		};
		81C9C23527B9F9CD00F71752 /* Resources */ = {
			isa = PBXResourcesBuildPhase;
			buildActionMask = 2147483647;
			files = (
			);
			runOnlyForDeploymentPostprocessing = 0;
		};
		81C9C23F27B9F9CD00F71752 /* Resources */ = {
			isa = PBXResourcesBuildPhase;
			buildActionMask = 2147483647;
			files = (
			);
			runOnlyForDeploymentPostprocessing = 0;
		};
/* End PBXResourcesBuildPhase section */

/* Begin PBXSourcesBuildPhase section */
		81C9C22327B9F9CB00F71752 /* Sources */ = {
			isa = PBXSourcesBuildPhase;
			buildActionMask = 2147483647;
			files = (
				81C9C22D27B9F9CB00F71752 /* ContentView.swift in Sources */,
				81DC368E27BB7D010012EE6D /* AnimalListItemView.swift in Sources */,
				81C9C27B27BA04F400F71752 /* MainView.swift in Sources */,
				81AFD01927BA273800405C3A /* CoverImageView.swift in Sources */,
				81271E5527BA2B5400BA0D17 /* CoverImageModel.swift in Sources */,
				81DC3E6927BB82D7003648DA /* AnimalModel.swift in Sources */,
				81C9C27727BA04BA00F71752 /* MapView.swift in Sources */,
				81C9C22B27B9F9CB00F71752 /* EndangeredAnimalsKRApp.swift in Sources */,
				81DC3E6F27BB8A6A003648DA /* AnimalViewModel.swift in Sources */,
				81C9C27527BA049200F71752 /* VideoListView.swift in Sources */,
				81C9C27927BA04D900F71752 /* GalleryView.swift in Sources */,
				81271E5827BA2C7D00BA0D17 /* CodableBundleExtension.swift in Sources */,
				81DC3E7127BB8CF9003648DA /* CoverImageViewModel.swift in Sources */,
			);
			runOnlyForDeploymentPostprocessing = 0;
		};
		81C9C23327B9F9CD00F71752 /* Sources */ = {
			isa = PBXSourcesBuildPhase;
			buildActionMask = 2147483647;
			files = (
				81C9C23C27B9F9CD00F71752 /* EndangeredAnimalsKRTests.swift in Sources */,
			);
			runOnlyForDeploymentPostprocessing = 0;
		};
		81C9C23D27B9F9CD00F71752 /* Sources */ = {
			isa = PBXSourcesBuildPhase;
			buildActionMask = 2147483647;
			files = (
				81C9C24827B9F9CD00F71752 /* EndangeredAnimalsKRUITestsLaunchTests.swift in Sources */,
				81C9C24627B9F9CD00F71752 /* EndangeredAnimalsKRUITests.swift in Sources */,
			);
			runOnlyForDeploymentPostprocessing = 0;
		};
/* End PBXSourcesBuildPhase section */

/* Begin PBXTargetDependency section */
		81C9C23927B9F9CD00F71752 /* PBXTargetDependency */ = {
			isa = PBXTargetDependency;
			target = 81C9C22627B9F9CB00F71752 /* EndangeredAnimalsKR */;
			targetProxy = 81C9C23827B9F9CD00F71752 /* PBXContainerItemProxy */;
		};
		81C9C24327B9F9CD00F71752 /* PBXTargetDependency */ = {
			isa = PBXTargetDependency;
			target = 81C9C22627B9F9CB00F71752 /* EndangeredAnimalsKR */;
			targetProxy = 81C9C24227B9F9CD00F71752 /* PBXContainerItemProxy */;
		};
/* End PBXTargetDependency section */

/* Begin XCBuildConfiguration section */
		81C9C24927B9F9CD00F71752 /* Debug */ = {
			isa = XCBuildConfiguration;
			buildSettings = {
				ALWAYS_SEARCH_USER_PATHS = NO;
				CLANG_ANALYZER_NONNULL = YES;
				CLANG_ANALYZER_NUMBER_OBJECT_CONVERSION = YES_AGGRESSIVE;
				CLANG_CXX_LANGUAGE_STANDARD = "gnu++17";
				CLANG_CXX_LIBRARY = "libc++";
				CLANG_ENABLE_MODULES = YES;
				CLANG_ENABLE_OBJC_ARC = YES;
				CLANG_ENABLE_OBJC_WEAK = YES;
				CLANG_WARN_BLOCK_CAPTURE_AUTORELEASING = YES;
				CLANG_WARN_BOOL_CONVERSION = YES;
				CLANG_WARN_COMMA = YES;
				CLANG_WARN_CONSTANT_CONVERSION = YES;
				CLANG_WARN_DEPRECATED_OBJC_IMPLEMENTATIONS = YES;
				CLANG_WARN_DIRECT_OBJC_ISA_USAGE = YES_ERROR;
				CLANG_WARN_DOCUMENTATION_COMMENTS = YES;
				CLANG_WARN_EMPTY_BODY = YES;
				CLANG_WARN_ENUM_CONVERSION = YES;
				CLANG_WARN_INFINITE_RECURSION = YES;
				CLANG_WARN_INT_CONVERSION = YES;
				CLANG_WARN_NON_LITERAL_NULL_CONVERSION = YES;
				CLANG_WARN_OBJC_IMPLICIT_RETAIN_SELF = YES;
				CLANG_WARN_OBJC_LITERAL_CONVERSION = YES;
				CLANG_WARN_OBJC_ROOT_CLASS = YES_ERROR;
				CLANG_WARN_QUOTED_INCLUDE_IN_FRAMEWORK_HEADER = YES;
				CLANG_WARN_RANGE_LOOP_ANALYSIS = YES;
				CLANG_WARN_STRICT_PROTOTYPES = YES;
				CLANG_WARN_SUSPICIOUS_MOVE = YES;
				CLANG_WARN_UNGUARDED_AVAILABILITY = YES_AGGRESSIVE;
				CLANG_WARN_UNREACHABLE_CODE = YES;
				CLANG_WARN__DUPLICATE_METHOD_MATCH = YES;
				COPY_PHASE_STRIP = NO;
				DEBUG_INFORMATION_FORMAT = dwarf;
				ENABLE_STRICT_OBJC_MSGSEND = YES;
				ENABLE_TESTABILITY = YES;
				GCC_C_LANGUAGE_STANDARD = gnu11;
				GCC_DYNAMIC_NO_PIC = NO;
				GCC_NO_COMMON_BLOCKS = YES;
				GCC_OPTIMIZATION_LEVEL = 0;
				GCC_PREPROCESSOR_DEFINITIONS = (
					"DEBUG=1",
					"$(inherited)",
				);
				GCC_WARN_64_TO_32_BIT_CONVERSION = YES;
				GCC_WARN_ABOUT_RETURN_TYPE = YES_ERROR;
				GCC_WARN_UNDECLARED_SELECTOR = YES;
				GCC_WARN_UNINITIALIZED_AUTOS = YES_AGGRESSIVE;
				GCC_WARN_UNUSED_FUNCTION = YES;
				GCC_WARN_UNUSED_VARIABLE = YES;
				IPHONEOS_DEPLOYMENT_TARGET = 15.2;
				MTL_ENABLE_DEBUG_INFO = INCLUDE_SOURCE;
				MTL_FAST_MATH = YES;
				ONLY_ACTIVE_ARCH = YES;
				SDKROOT = iphoneos;
				SWIFT_ACTIVE_COMPILATION_CONDITIONS = DEBUG;
				SWIFT_OPTIMIZATION_LEVEL = "-Onone";
			};
			name = Debug;
		};
		81C9C24A27B9F9CD00F71752 /* Release */ = {
			isa = XCBuildConfiguration;
			buildSettings = {
				ALWAYS_SEARCH_USER_PATHS = NO;
				CLANG_ANALYZER_NONNULL = YES;
				CLANG_ANALYZER_NUMBER_OBJECT_CONVERSION = YES_AGGRESSIVE;
				CLANG_CXX_LANGUAGE_STANDARD = "gnu++17";
				CLANG_CXX_LIBRARY = "libc++";
				CLANG_ENABLE_MODULES = YES;
				CLANG_ENABLE_OBJC_ARC = YES;
				CLANG_ENABLE_OBJC_WEAK = YES;
				CLANG_WARN_BLOCK_CAPTURE_AUTORELEASING = YES;
				CLANG_WARN_BOOL_CONVERSION = YES;
				CLANG_WARN_COMMA = YES;
				CLANG_WARN_CONSTANT_CONVERSION = YES;
				CLANG_WARN_DEPRECATED_OBJC_IMPLEMENTATIONS = YES;
				CLANG_WARN_DIRECT_OBJC_ISA_USAGE = YES_ERROR;
				CLANG_WARN_DOCUMENTATION_COMMENTS = YES;
				CLANG_WARN_EMPTY_BODY = YES;
				CLANG_WARN_ENUM_CONVERSION = YES;
				CLANG_WARN_INFINITE_RECURSION = YES;
				CLANG_WARN_INT_CONVERSION = YES;
				CLANG_WARN_NON_LITERAL_NULL_CONVERSION = YES;
				CLANG_WARN_OBJC_IMPLICIT_RETAIN_SELF = YES;
				CLANG_WARN_OBJC_LITERAL_CONVERSION = YES;
				CLANG_WARN_OBJC_ROOT_CLASS = YES_ERROR;
				CLANG_WARN_QUOTED_INCLUDE_IN_FRAMEWORK_HEADER = YES;
				CLANG_WARN_RANGE_LOOP_ANALYSIS = YES;
				CLANG_WARN_STRICT_PROTOTYPES = YES;
				CLANG_WARN_SUSPICIOUS_MOVE = YES;
				CLANG_WARN_UNGUARDED_AVAILABILITY = YES_AGGRESSIVE;
				CLANG_WARN_UNREACHABLE_CODE = YES;
				CLANG_WARN__DUPLICATE_METHOD_MATCH = YES;
				COPY_PHASE_STRIP = NO;
				DEBUG_INFORMATION_FORMAT = "dwarf-with-dsym";
				ENABLE_NS_ASSERTIONS = NO;
				ENABLE_STRICT_OBJC_MSGSEND = YES;
				GCC_C_LANGUAGE_STANDARD = gnu11;
				GCC_NO_COMMON_BLOCKS = YES;
				GCC_WARN_64_TO_32_BIT_CONVERSION = YES;
				GCC_WARN_ABOUT_RETURN_TYPE = YES_ERROR;
				GCC_WARN_UNDECLARED_SELECTOR = YES;
				GCC_WARN_UNINITIALIZED_AUTOS = YES_AGGRESSIVE;
				GCC_WARN_UNUSED_FUNCTION = YES;
				GCC_WARN_UNUSED_VARIABLE = YES;
				IPHONEOS_DEPLOYMENT_TARGET = 15.2;
				MTL_ENABLE_DEBUG_INFO = NO;
				MTL_FAST_MATH = YES;
				SDKROOT = iphoneos;
				SWIFT_COMPILATION_MODE = wholemodule;
				SWIFT_OPTIMIZATION_LEVEL = "-O";
				VALIDATE_PRODUCT = YES;
			};
			name = Release;
		};
		81C9C24C27B9F9CD00F71752 /* Debug */ = {
			isa = XCBuildConfiguration;
			buildSettings = {
				ASSETCATALOG_COMPILER_APPICON_NAME = AppIcon;
				ASSETCATALOG_COMPILER_GLOBAL_ACCENT_COLOR_NAME = AccentColor;
				CODE_SIGN_STYLE = Automatic;
				CURRENT_PROJECT_VERSION = 1;
				DEVELOPMENT_ASSET_PATHS = "\"EndangeredAnimalsKR/Preview Content\"";
				DEVELOPMENT_TEAM = M63L6X73D4;
				ENABLE_PREVIEWS = YES;
				GENERATE_INFOPLIST_FILE = YES;
				INFOPLIST_FILE = EndangeredAnimalsKR/Info.plist;
				INFOPLIST_KEY_UIApplicationSceneManifest_Generation = YES;
				INFOPLIST_KEY_UIApplicationSupportsIndirectInputEvents = YES;
				INFOPLIST_KEY_UISupportedInterfaceOrientations_iPad = "UIInterfaceOrientationPortrait UIInterfaceOrientationPortraitUpsideDown UIInterfaceOrientationLandscapeLeft UIInterfaceOrientationLandscapeRight";
				INFOPLIST_KEY_UISupportedInterfaceOrientations_iPhone = "UIInterfaceOrientationPortrait UIInterfaceOrientationLandscapeLeft UIInterfaceOrientationLandscapeRight";
				INFOPLIST_KEY_UIUserInterfaceStyle = Dark;
				LD_RUNPATH_SEARCH_PATHS = (
					"$(inherited)",
					"@executable_path/Frameworks",
				);
				MARKETING_VERSION = 1.0;
				PRODUCT_BUNDLE_IDENTIFIER = info.jacobko.EndangeredAnimalsKR;
				PRODUCT_NAME = "$(TARGET_NAME)";
				SWIFT_EMIT_LOC_STRINGS = YES;
				SWIFT_VERSION = 5.0;
				TARGETED_DEVICE_FAMILY = "1,2";
			};
			name = Debug;
		};
		81C9C24D27B9F9CD00F71752 /* Release */ = {
			isa = XCBuildConfiguration;
			buildSettings = {
				ASSETCATALOG_COMPILER_APPICON_NAME = AppIcon;
				ASSETCATALOG_COMPILER_GLOBAL_ACCENT_COLOR_NAME = AccentColor;
				CODE_SIGN_STYLE = Automatic;
				CURRENT_PROJECT_VERSION = 1;
				DEVELOPMENT_ASSET_PATHS = "\"EndangeredAnimalsKR/Preview Content\"";
				DEVELOPMENT_TEAM = M63L6X73D4;
				ENABLE_PREVIEWS = YES;
				GENERATE_INFOPLIST_FILE = YES;
				INFOPLIST_FILE = EndangeredAnimalsKR/Info.plist;
				INFOPLIST_KEY_UIApplicationSceneManifest_Generation = YES;
				INFOPLIST_KEY_UIApplicationSupportsIndirectInputEvents = YES;
				INFOPLIST_KEY_UISupportedInterfaceOrientations_iPad = "UIInterfaceOrientationPortrait UIInterfaceOrientationPortraitUpsideDown UIInterfaceOrientationLandscapeLeft UIInterfaceOrientationLandscapeRight";
				INFOPLIST_KEY_UISupportedInterfaceOrientations_iPhone = "UIInterfaceOrientationPortrait UIInterfaceOrientationLandscapeLeft UIInterfaceOrientationLandscapeRight";
				INFOPLIST_KEY_UIUserInterfaceStyle = Dark;
				LD_RUNPATH_SEARCH_PATHS = (
					"$(inherited)",
					"@executable_path/Frameworks",
				);
				MARKETING_VERSION = 1.0;
				PRODUCT_BUNDLE_IDENTIFIER = info.jacobko.EndangeredAnimalsKR;
				PRODUCT_NAME = "$(TARGET_NAME)";
				SWIFT_EMIT_LOC_STRINGS = YES;
				SWIFT_VERSION = 5.0;
				TARGETED_DEVICE_FAMILY = "1,2";
			};
			name = Release;
		};
		81C9C24F27B9F9CD00F71752 /* Debug */ = {
			isa = XCBuildConfiguration;
			buildSettings = {
				ALWAYS_EMBED_SWIFT_STANDARD_LIBRARIES = YES;
				BUNDLE_LOADER = "$(TEST_HOST)";
				CODE_SIGN_STYLE = Automatic;
				CURRENT_PROJECT_VERSION = 1;
				DEVELOPMENT_TEAM = M63L6X73D4;
				GENERATE_INFOPLIST_FILE = YES;
				IPHONEOS_DEPLOYMENT_TARGET = 15.2;
				MARKETING_VERSION = 1.0;
				PRODUCT_BUNDLE_IDENTIFIER = info.jacobko.EndangeredAnimalsKRTests;
				PRODUCT_NAME = "$(TARGET_NAME)";
				SWIFT_EMIT_LOC_STRINGS = NO;
				SWIFT_VERSION = 5.0;
				TARGETED_DEVICE_FAMILY = "1,2";
				TEST_HOST = "$(BUILT_PRODUCTS_DIR)/EndangeredAnimalsKR.app/EndangeredAnimalsKR";
			};
			name = Debug;
		};
		81C9C25027B9F9CD00F71752 /* Release */ = {
			isa = XCBuildConfiguration;
			buildSettings = {
				ALWAYS_EMBED_SWIFT_STANDARD_LIBRARIES = YES;
				BUNDLE_LOADER = "$(TEST_HOST)";
				CODE_SIGN_STYLE = Automatic;
				CURRENT_PROJECT_VERSION = 1;
				DEVELOPMENT_TEAM = M63L6X73D4;
				GENERATE_INFOPLIST_FILE = YES;
				IPHONEOS_DEPLOYMENT_TARGET = 15.2;
				MARKETING_VERSION = 1.0;
				PRODUCT_BUNDLE_IDENTIFIER = info.jacobko.EndangeredAnimalsKRTests;
				PRODUCT_NAME = "$(TARGET_NAME)";
				SWIFT_EMIT_LOC_STRINGS = NO;
				SWIFT_VERSION = 5.0;
				TARGETED_DEVICE_FAMILY = "1,2";
				TEST_HOST = "$(BUILT_PRODUCTS_DIR)/EndangeredAnimalsKR.app/EndangeredAnimalsKR";
			};
			name = Release;
		};
		81C9C25227B9F9CD00F71752 /* Debug */ = {
			isa = XCBuildConfiguration;
			buildSettings = {
				ALWAYS_EMBED_SWIFT_STANDARD_LIBRARIES = YES;
				CODE_SIGN_STYLE = Automatic;
				CURRENT_PROJECT_VERSION = 1;
				DEVELOPMENT_TEAM = M63L6X73D4;
				GENERATE_INFOPLIST_FILE = YES;
				MARKETING_VERSION = 1.0;
				PRODUCT_BUNDLE_IDENTIFIER = info.jacobko.EndangeredAnimalsKRUITests;
				PRODUCT_NAME = "$(TARGET_NAME)";
				SWIFT_EMIT_LOC_STRINGS = NO;
				SWIFT_VERSION = 5.0;
				TARGETED_DEVICE_FAMILY = "1,2";
				TEST_TARGET_NAME = EndangeredAnimalsKR;
			};
			name = Debug;
		};
		81C9C25327B9F9CD00F71752 /* Release */ = {
			isa = XCBuildConfiguration;
			buildSettings = {
				ALWAYS_EMBED_SWIFT_STANDARD_LIBRARIES = YES;
				CODE_SIGN_STYLE = Automatic;
				CURRENT_PROJECT_VERSION = 1;
				DEVELOPMENT_TEAM = M63L6X73D4;
				GENERATE_INFOPLIST_FILE = YES;
				MARKETING_VERSION = 1.0;
				PRODUCT_BUNDLE_IDENTIFIER = info.jacobko.EndangeredAnimalsKRUITests;
				PRODUCT_NAME = "$(TARGET_NAME)";
				SWIFT_EMIT_LOC_STRINGS = NO;
				SWIFT_VERSION = 5.0;
				TARGETED_DEVICE_FAMILY = "1,2";
				TEST_TARGET_NAME = EndangeredAnimalsKR;
			};
			name = Release;
		};
/* End XCBuildConfiguration section */

/* Begin XCConfigurationList section */
		81C9C22227B9F9CB00F71752 /* Build configuration list for PBXProject "EndangeredAnimalsKR" */ = {
			isa = XCConfigurationList;
			buildConfigurations = (
				81C9C24927B9F9CD00F71752 /* Debug */,
				81C9C24A27B9F9CD00F71752 /* Release */,
			);
			defaultConfigurationIsVisible = 0;
			defaultConfigurationName = Release;
		};
		81C9C24B27B9F9CD00F71752 /* Build configuration list for PBXNativeTarget "EndangeredAnimalsKR" */ = {
			isa = XCConfigurationList;
			buildConfigurations = (
				81C9C24C27B9F9CD00F71752 /* Debug */,
				81C9C24D27B9F9CD00F71752 /* Release */,
			);
			defaultConfigurationIsVisible = 0;
			defaultConfigurationName = Release;
		};
		81C9C24E27B9F9CD00F71752 /* Build configuration list for PBXNativeTarget "EndangeredAnimalsKRTests" */ = {
			isa = XCConfigurationList;
			buildConfigurations = (
				81C9C24F27B9F9CD00F71752 /* Debug */,
				81C9C25027B9F9CD00F71752 /* Release */,
			);
			defaultConfigurationIsVisible = 0;
			defaultConfigurationName = Release;
		};
		81C9C25127B9F9CD00F71752 /* Build configuration list for PBXNativeTarget "EndangeredAnimalsKRUITests" */ = {
			isa = XCConfigurationList;
			buildConfigurations = (
				81C9C25227B9F9CD00F71752 /* Debug */,
				81C9C25327B9F9CD00F71752 /* Release */,
			);
			defaultConfigurationIsVisible = 0;
			defaultConfigurationName = Release;
		};
/* End XCConfigurationList section */
	};
	rootObject = 81C9C21F27B9F9CB00F71752 /* Project object */;
}
